
Microsoft Visual Studio Solution File, Format Version 12.00
# Visual Studio Version 16
VisualStudioVersion = 16.0.29926.136
MinimumVisualStudioVersion = 10.0.40219.1
Project("{FAE04EC0-301F-11D3-BF4B-00C04F79EFBC}") = "Club De Sport", "Club De Sport\Club De Sport.csproj", "{5C286A0B-FE0E-4591-9B1C-079E71A0B16D}"
EndProject
Global
	GlobalSection(SolutionConfigurationPlatforms) = preSolution
		Debug|Any CPU = Debug|Any CPU
		Release|Any CPU = Release|Any CPU
	EndGlobalSection
	GlobalSection(ProjectConfigurationPlatforms) = postSolution
		{5C286A0B-FE0E-4591-9B1C-079E71A0B16D}.Debug|Any CPU.ActiveCfg = Debug|Any CPU
		{5C286A0B-FE0E-4591-9B1C-079E71A0B16D}.Debug|Any CPU.Build.0 = Debug|Any CPU
		{5C286A0B-FE0E-4591-9B1C-079E71A0B16D}.Release|Any CPU.ActiveCfg = Release|Any CPU
		{5C286A0B-FE0E-4591-9B1C-079E71A0B16D}.Release|Any CPU.Build.0 = Release|Any CPU
	EndGlobalSection
	GlobalSection(SolutionProperties) = preSolution
		HideSolutionNode = FALSE
	EndGlobalSection
	GlobalSection(ExtensibilityGlobals) = postSolution
		SolutionGuid = {4402949C-E51B-4F4D-9194-95E3D5A13F63}
	EndGlobalSection
EndGlobal
